{
  "name": "classics-reader",
  "lockfileVersion": 3,
  "requires": true,
  "packages": {
    "": {
      "name": "classics-reader",
      "dependencies": {
        "whitakers-words": "0.1.1"
      }
    },
    "node_modules/whitakers-words": {
      "version": "0.1.1",
      "resolved": "https://registry.npmjs.org/whitakers-words/-/whitakers-words-0.1.1.tgz",
      "integrity": "sha512-n9iKgi04n4cmva0hspsSgnP2bn0HeU6A8MU5kGPwrsKso9uDSeAKudgDTBSvPar2m+zHlQx7GprdoPWBrGQxqw==",
      "license": "MIT",
      "bin": {
        "whitakers": "dist/cli/main.js"
      },
      "engines": {
        "node": ">=20"
      }
    }
  }
}
